dependencies:
- name: dapr
  repository: https://dapr.github.io/helm-charts/
  version: 1.16.0
- name: secrets-router
  repository: file://../secrets-router
  version: 1.0.1
digest: sha256:00b2b7ff717718ebf6d1c4434194828c8c895e27bb1a451929bc9d5926dbff32
generated: "2025-11-30T11:17:15.713862-05:00"
