dependencies:
- name: dapr
  repository: https://dapr.github.io/helm-charts/
  version: 1.16.3
- name: secrets-router
  repository: file://../secrets-router
  version: 1.0.2
- name: sample-service
  repository: file://../sample-service
  version: 1.0.1
digest: sha256:b5b8e1c09ec2f60a37e48d1aa91eab691e433b7a945ccd635227dce7293466c0
generated: "2025-12-02T07:09:35.382451-05:00"
